// !$*UTF8*$!
{
	archiveVersion = 1;
	classes = {
	};
	objectVersion = 46;
	objects = {

/* Begin PBXBuildFile section */
		CFE3647E1BBC4343004B782B /* main.m in Sources */ = {isa = PBXBuildFile; fileRef = CFE3647D1BBC4343004B782B /* main.m */; };
		CFE364811BBC4343004B782B /* AppDelegate.m in Sources */ = {isa = PBXBuildFile; fileRef = CFE364801BBC4343004B782B /* AppDelegate.m */; };
		CFE364841BBC4343004B782B /* ViewController.m in Sources */ = {isa = PBXBuildFile; fileRef = CFE364831BBC4343004B782B /* ViewController.m */; };
		CFE364871BBC4343004B782B /* Main.storyboard in Resources */ = {isa = PBXBuildFile; fileRef = CFE364851BBC4343004B782B /* Main.storyboard */; };
		CFE364891BBC4343004B782B /* Assets.xcassets in Resources */ = {isa = PBXBuildFile; fileRef = CFE364881BBC4343004B782B /* Assets.xcassets */; };
		CFE3648C1BBC4343004B782B /* LaunchScreen.storyboard in Resources */ = {isa = PBXBuildFile; fileRef = CFE3648A1BBC4343004B782B /* LaunchScreen.storyboard */; };
		CFE364951BBC7842004B782B /* LocationHelper.m in Sources */ = {isa = PBXBuildFile; fileRef = CFE364941BBC7842004B782B /* LocationHelper.m */; settings = {ASSET_TAGS = (); }; };
		E13FDF9A75BCCF52A1842319 /* libPods.a in Frameworks */ = {isa = PBXBuildFile; fileRef = 2D9184F4169B12E04B91F98B /* libPods.a */; };
/* End PBXBuildFile section */

/* Begin PBXFileReference section */
		18F26783357F47649DF9133E /* Pods.release.xcconfig */ = {isa = PBXFileReference; includeInIndex = 1; lastKnownFileType = text.xcconfig; name = Pods.release.xcconfig; path = "Pods/Target Support Files/Pods/Pods.release.xcconfig"; sourceTree = "<group>"; };
		2D9184F4169B12E04B91F98B /* libPods.a */ = {isa = PBXFileReference; explicitFileType = archive.ar; includeInIndex = 0; path = libPods.a; sourceTree = BUILT_PRODUCTS_DIR; };
		31DCB645DA2E3F4075BEC3CA /* Pods.debug.xcconfig */ = {isa = PBXFileReference; includeInIndex = 1; lastKnownFileType = text.xcconfig; name = Pods.debug.xcconfig; path = "Pods/Target Support Files/Pods/Pods.debug.xcconfig"; sourceTree = "<group>"; };
		CFE364791BBC4343004B782B /* ASquare.app */ = {isa = PBXFileReference; explicitFileType = wrapper.application; includeInIndex = 0; path = ASquare.app; sourceTree = BUILT_PRODUCTS_DIR; };
		CFE3647D1BBC4343004B782B /* main.m */ = {isa = PBXFileReference; lastKnownFileType = sourcecode.c.objc; path = main.m; sourceTree = "<group>"; };
		CFE3647F1BBC4343004B782B /* AppDelegate.h */ = {isa = PBXFileReference; lastKnownFileType = sourcecode.c.h; path = AppDelegate.h; sourceTree = "<group>"; };
		CFE364801BBC4343004B782B /* AppDelegate.m */ = {isa = PBXFileReference; lastKnownFileType = sourcecode.c.objc; path = AppDelegate.m; sourceTree = "<group>"; };
		CFE364821BBC4343004B782B /* ViewController.h */ = {isa = PBXFileReference; lastKnownFileType = sourcecode.c.h; path = ViewController.h; sourceTree = "<group>"; };
		CFE364831BBC4343004B782B /* ViewController.m */ = {isa = PBXFileReference; lastKnownFileType = sourcecode.c.objc; path = ViewController.m; sourceTree = "<group>"; };
		CFE364861BBC4343004B782B /* Base */ = {isa = PBXFileReference; lastKnownFileType = file.storyboard; name = Base; path = Base.lproj/Main.storyboard; sourceTree = "<group>"; };
		CFE364881BBC4343004B782B /* Assets.xcassets */ = {isa = PBXFileReference; lastKnownFileType = folder.assetcatalog; path = Assets.xcassets; sourceTree = "<group>"; };
		CFE3648B1BBC4343004B782B /* Base */ = {isa = PBXFileReference; lastKnownFileType = file.storyboard; name = Base; path = Base.lproj/LaunchScreen.storyboard; sourceTree = "<group>"; };
		CFE3648D1BBC4343004B782B /* Info.plist */ = {isa = PBXFileReference; lastKnownFileType = text.plist.xml; path = Info.plist; sourceTree = "<group>"; };
		CFE364931BBC7842004B782B /* LocationHelper.h */ = {isa = PBXFileReference; fileEncoding = 4; lastKnownFileType = sourcecode.c.h; path = LocationHelper.h; sourceTree = "<group>"; };
		CFE364941BBC7842004B782B /* LocationHelper.m */ = {isa = PBXFileReference; fileEncoding = 4; lastKnownFileType = sourcecode.c.objc; path = LocationHelper.m; sourceTree = "<group>"; };
/* End PBXFileReference section */

/* Begin PBXFrameworksBuildPhase section */
		CFE364761BBC4343004B782B /* Frameworks */ = {
			isa = PBXFrameworksBuildPhase;
			buildActionMask = 2147483647;
			files = (
				E13FDF9A75BCCF52A1842319 /* libPods.a in Frameworks */,
			);
			runOnlyForDeploymentPostprocessing = 0;
		};
/* End PBXFrameworksBuildPhase section */

/* Begin PBXGroup section */
		29538BDED48002C5703ABFFD /* Frameworks */ = {
			isa = PBXGroup;
			children = (
				2D9184F4169B12E04B91F98B /* libPods.a */,
			);
			name = Frameworks;
			sourceTree = "<group>";
		};
		316A284F290CEEEACF5DB4DB /* Pods */ = {
			isa = PBXGroup;
			children = (
				31DCB645DA2E3F4075BEC3CA /* Pods.debug.xcconfig */,
				18F26783357F47649DF9133E /* Pods.release.xcconfig */,
			);
			name = Pods;
			sourceTree = "<group>";
		};
		CFE364701BBC4343004B782B = {
			isa = PBXGroup;
			children = (
				CFE3647B1BBC4343004B782B /* ASquare */,
				CFE3647A1BBC4343004B782B /* Products */,
				316A284F290CEEEACF5DB4DB /* Pods */,
				29538BDED48002C5703ABFFD /* Frameworks */,
			);
			sourceTree = "<group>";
		};
		CFE3647A1BBC4343004B782B /* Products */ = {
			isa = PBXGroup;
			children = (
				CFE364791BBC4343004B782B /* ASquare.app */,
			);
			name = Products;
			sourceTree = "<group>";
		};
		CFE3647B1BBC4343004B782B /* ASquare */ = {
			isa = PBXGroup;
			children = (
				CFE3647F1BBC4343004B782B /* AppDelegate.h */,
				CFE364801BBC4343004B782B /* AppDelegate.m */,
				CFE364881BBC4343004B782B /* Assets.xcassets */,
				CFE3648D1BBC4343004B782B /* Info.plist */,
				CFE3648A1BBC4343004B782B /* LaunchScreen.storyboard */,
				CFE364931BBC7842004B782B /* LocationHelper.h */,
				CFE364941BBC7842004B782B /* LocationHelper.m */,
				CFE364851BBC4343004B782B /* Main.storyboard */,
				CFE3647C1BBC4343004B782B /* Supporting Files */,
				CFE364821BBC4343004B782B /* ViewController.h */,
				CFE364831BBC4343004B782B /* ViewController.m */,
			);
			path = ASquare;
			sourceTree = "<group>";
		};
		CFE3647C1BBC4343004B782B /* Supporting Files */ = {
			isa = PBXGroup;
			children = (
				CFE3647D1BBC4343004B782B /* main.m */,
			);
			name = "Supporting Files";
			sourceTree = "<group>";
		};
/* End PBXGroup section */

/* Begin PBXNativeTarget section */
		CFE364781BBC4343004B782B /* ASquare */ = {
			isa = PBXNativeTarget;
			buildConfigurationList = CFE364901BBC4343004B782B /* Build configuration list for PBXNativeTarget "ASquare" */;
			buildPhases = (
				B7861F40515D883EC0A3FC64 /* Check Pods Manifest.lock */,
				CFE364751BBC4343004B782B /* Sources */,
				CFE364761BBC4343004B782B /* Frameworks */,
				CFE364771BBC4343004B782B /* Resources */,
				42E71FF752FA6D554A5A374E /* Copy Pods Resources */,
			);
			buildRules = (
			);
			dependencies = (
			);
			name = ASquare;
			productName = ASquare;
			productReference = CFE364791BBC4343004B782B /* ASquare.app */;
			productType = "com.apple.product-type.application";
		};
/* End PBXNativeTarget section */

/* Begin PBXProject section */
		CFE364711BBC4343004B782B /* Project object */ = {
			isa = PBXProject;
			attributes = {
				LastUpgradeCheck = 0700;
				ORGANIZATIONNAME = "Carmine Studios";
				TargetAttributes = {
					CFE364781BBC4343004B782B = {
						CreatedOnToolsVersion = 7.0;
					};
				};
			};
			buildConfigurationList = CFE364741BBC4343004B782B /* Build configuration list for PBXProject "ASquare" */;
			compatibilityVersion = "Xcode 3.2";
			developmentRegion = English;
			hasScannedForEncodings = 0;
			knownRegions = (
				en,
				Base,
			);
			mainGroup = CFE364701BBC4343004B782B;
			productRefGroup = CFE3647A1BBC4343004B782B /* Products */;
			projectDirPath = "";
			projectRoot = "";
			targets = (
				CFE364781BBC4343004B782B /* ASquare */,
			);
		};
/* End PBXProject section */

/* Begin PBXResourcesBuildPhase section */
		CFE364771BBC4343004B782B /* Resources */ = {
			isa = PBXResourcesBuildPhase;
			buildActionMask = 2147483647;
			files = (
				CFE3648C1BBC4343004B782B /* LaunchScreen.storyboard in Resources */,
				CFE364891BBC4343004B782B /* Assets.xcassets in Resources */,
				CFE364871BBC4343004B782B /* Main.storyboard in Resources */,
			);
			runOnlyForDeploymentPostprocessing = 0;
		};
/* End PBXResourcesBuildPhase section */

/* Begin PBXShellScriptBuildPhase section */
		42E71FF752FA6D554A5A374E /* Copy Pods Resources */ = {
			isa = PBXShellScriptBuildPhase;
			buildActionMask = 2147483647;
			files = (
			);
			inputPaths = (
			);
			name = "Copy Pods Resources";
			outputPaths = (
			);
			runOnlyForDeploymentPostprocessing = 0;
			shellPath = /bin/sh;
			shellScript = "\"${SRCROOT}/Pods/Target Support Files/Pods/Pods-resources.sh\"\n";
			showEnvVarsInLog = 0;
		};
		B7861F40515D883EC0A3FC64 /* Check Pods Manifest.lock */ = {
			isa = PBXShellScriptBuildPhase;
			buildActionMask = 2147483647;
			files = (
			);
			inputPaths = (
			);
			name = "Check Pods Manifest.lock";
			outputPaths = (
			);
			runOnlyForDeploymentPostprocessing = 0;
			shellPath = /bin/sh;
			shellScript = "diff \"${PODS_ROOT}/../Podfile.lock\" \"${PODS_ROOT}/Manifest.lock\" > /dev/null\nif [[ $? != 0 ]] ; then\n    cat << EOM\nerror: The sandbox is not in sync with the Podfile.lock. Run 'pod install' or update your CocoaPods installation.\nEOM\n    exit 1\nfi\n";
			showEnvVarsInLog = 0;
		};
/* End PBXShellScriptBuildPhase section */

/* Begin PBXSourcesBuildPhase section */
		CFE364751BBC4343004B782B /* Sources */ = {
			isa = PBXSourcesBuildPhase;
			buildActionMask = 2147483647;
			files = (
				CFE364951BBC7842004B782B /* LocationHelper.m in Sources */,
				CFE364841BBC4343004B782B /* ViewController.m in Sources */,
				CFE364811BBC4343004B782B /* AppDelegate.m in Sources */,
				CFE3647E1BBC4343004B782B /* main.m in Sources */,
			);
			runOnlyForDeploymentPostprocessing = 0;
		};
/* End PBXSourcesBuildPhase section */

/* Begin PBXVariantGroup section */
		CFE364851BBC4343004B782B /* Main.storyboard */ = {
			isa = PBXVariantGroup;
			children = (
				CFE364861BBC4343004B782B /* Base */,
			);
			name = Main.storyboard;
			sourceTree = "<group>";
		};
		CFE3648A1BBC4343004B782B /* LaunchScreen.storyboard */ = {
			isa = PBXVariantGroup;
			children = (
				CFE3648B1BBC4343004B782B /* Base */,
			);
			name = LaunchScreen.storyboard;
			sourceTree = "<group>";
		};
/* End PBXVariantGroup section */

/* Begin XCBuildConfiguration section */
		CFE3648E1BBC4343004B782B /* Debug */ = {
			isa = XCBuildConfiguration;
			buildSettings = {
				ALWAYS_SEARCH_USER_PATHS = NO;
				CLANG_CXX_LANGUAGE_STANDARD = "gnu++0x";
				CLANG_CXX_LIBRARY = "libc++";
				CLANG_ENABLE_MODULES = YES;
				CLANG_ENABLE_OBJC_ARC = YES;
				CLANG_WARN_BOOL_CONVERSION = YES;
				CLANG_WARN_CONSTANT_CONVERSION = YES;
				CLANG_WARN_DIRECT_OBJC_ISA_USAGE = YES_ERROR;
				CLANG_WARN_EMPTY_BODY = YES;
				CLANG_WARN_ENUM_CONVERSION = YES;
				CLANG_WARN_INT_CONVERSION = YES;
				CLANG_WARN_OBJC_ROOT_CLASS = YES_ERROR;
				CLANG_WARN_UNREACHABLE_CODE = YES;
				CLANG_WARN__DUPLICATE_METHOD_MATCH = YES;
				"CODE_SIGN_IDENTITY[sdk=iphoneos*]" = "iPhone Developer";
				COPY_PHASE_STRIP = NO;
				DEBUG_INFORMATION_FORMAT = dwarf;
				ENABLE_STRICT_OBJC_MSGSEND = YES;
				ENABLE_TESTABILITY = YES;
				GCC_C_LANGUAGE_STANDARD = gnu99;
				GCC_DYNAMIC_NO_PIC = NO;
				GCC_NO_COMMON_BLOCKS = YES;
				GCC_OPTIMIZATION_LEVEL = 0;
				GCC_PREPROCESSOR_DEFINITIONS = (
					"DEBUG=1",
					"$(inherited)",
				);
				GCC_WARN_64_TO_32_BIT_CONVERSION = YES;
				GCC_WARN_ABOUT_RETURN_TYPE = YES_ERROR;
				GCC_WARN_UNDECLARED_SELECTOR = YES;
				GCC_WARN_UNINITIALIZED_AUTOS = YES_AGGRESSIVE;
				GCC_WARN_UNUSED_FUNCTION = YES;
				GCC_WARN_UNUSED_VARIABLE = YES;
				IPHONEOS_DEPLOYMENT_TARGET = 8.0;
				MTL_ENABLE_DEBUG_INFO = YES;
				ONLY_ACTIVE_ARCH = YES;
				SDKROOT = iphoneos;
			};
			name = Debug;
		};
		CFE3648F1BBC4343004B782B /* Release */ = {
			isa = XCBuildConfiguration;
			buildSettings = {
				ALWAYS_SEARCH_USER_PATHS = NO;
				CLANG_CXX_LANGUAGE_STANDARD = "gnu++0x";
				CLANG_CXX_LIBRARY = "libc++";
				CLANG_ENABLE_MODULES = YES;
				CLANG_ENABLE_OBJC_ARC = YES;
				CLANG_WARN_BOOL_CONVERSION = YES;
				CLANG_WARN_CONSTANT_CONVERSION = YES;
				CLANG_WARN_DIRECT_OBJC_ISA_USAGE = YES_ERROR;
				CLANG_WARN_EMPTY_BODY = YES;
				CLANG_WARN_ENUM_CONVERSION = YES;
				CLANG_WARN_INT_CONVERSION = YES;
				CLANG_WARN_OBJC_ROOT_CLASS = YES_ERROR;
				CLANG_WARN_UNREACHABLE_CODE = YES;
				CLANG_WARN__DUPLICATE_METHOD_MATCH = YES;
				"CODE_SIGN_IDENTITY[sdk=iphoneos*]" = "iPhone Developer";
				COPY_PHASE_STRIP = NO;
				DEBUG_INFORMATION_FORMAT = "dwarf-with-dsym";
				ENABLE_NS_ASSERTIONS = NO;
				ENABLE_STRICT_OBJC_MSGSEND = YES;
				GCC_C_LANGUAGE_STANDARD = gnu99;
				GCC_NO_COMMON_BLOCKS = YES;
				GCC_WARN_64_TO_32_BIT_CONVERSION = YES;
				GCC_WARN_ABOUT_RETURN_TYPE = YES_ERROR;
				GCC_WARN_UNDECLARED_SELECTOR = YES;
				GCC_WARN_UNINITIALIZED_AUTOS = YES_AGGRESSIVE;
				GCC_WARN_UNUSED_FUNCTION = YES;
				GCC_WARN_UNUSED_VARIABLE = YES;
				IPHONEOS_DEPLOYMENT_TARGET = 8.0;
				MTL_ENABLE_DEBUG_INFO = NO;
				SDKROOT = iphoneos;
				VALIDATE_PRODUCT = YES;
			};
			name = Release;
		};
		CFE364911BBC4343004B782B /* Debug */ = {
			isa = XCBuildConfiguration;
			baseConfigurationReference = 31DCB645DA2E3F4075BEC3CA /* Pods.debug.xcconfig */;
			buildSettings = {
				ASSETCATALOG_COMPILER_APPICON_NAME = AppIcon;
				ENABLE_BITCODE = NO;
				INFOPLIST_FILE = ASquare/Info.plist;
				IPHONEOS_DEPLOYMENT_TARGET = 8.0;
				LD_RUNPATH_SEARCH_PATHS = "$(inherited) @executable_path/Frameworks";
				PRODUCT_BUNDLE_IDENTIFIER = se.carminestudios.ASquare;
				PRODUCT_NAME = "$(TARGET_NAME)";
			};
			name = Debug;
		};
		CFE364921BBC4343004B782B /* Release */ = {
			isa = XCBuildConfiguration;
			baseConfigurationReference = 18F26783357F47649DF9133E /* Pods.release.xcconfig */;
			buildSettings = {
				ASSETCATALOG_COMPILER_APPICON_NAME = AppIcon;
				ENABLE_BITCODE = NO;
				INFOPLIST_FILE = ASquare/Info.plist;
				IPHONEOS_DEPLOYMENT_TARGET = 8.0;
				LD_RUNPATH_SEARCH_PATHS = "$(inherited) @executable_path/Frameworks";
				PRODUCT_BUNDLE_IDENTIFIER = se.carminestudios.ASquare;
				PRODUCT_NAME = "$(TARGET_NAME)";
			};
			name = Release;
		};
/* End XCBuildConfiguration section */

/* Begin XCConfigurationList section */
		CFE364741BBC4343004B782B /* Build configuration list for PBXProject "ASquare" */ = {
			isa = XCConfigurationList;
			buildConfigurations = (
				CFE3648E1BBC4343004B782B /* Debug */,
				CFE3648F1BBC4343004B782B /* Release */,
			);
			defaultConfigurationIsVisible = 0;
			defaultConfigurationName = Release;
		};
		CFE364901BBC4343004B782B /* Build configuration list for PBXNativeTarget "ASquare" */ = {
			isa = XCConfigurationList;
			buildConfigurations = (
				CFE364911BBC4343004B782B /* Debug */,
				CFE364921BBC4343004B782B /* Release */,
			);
			defaultConfigurationIsVisible = 0;
			defaultConfigurationName = Release;
		};
/* End XCConfigurationList section */
	};
	rootObject = CFE364711BBC4343004B782B /* Project object */;
}
